{
  "name": "ref-06w4-package-truth",
  "lockfileVersion": 3,
  "requires": true,
  "packages": {
    "": {
      "name": "ref-06w4-package-truth",
      "dependencies": {
        "@openvtc/trust-tasks": "^0.7.0"
      }
    },
    "node_modules/@openvtc/trust-tasks": {
      "version": "0.7.0",
      "resolved": "https://registry.npmjs.org/@openvtc/trust-tasks/-/trust-tasks-0.7.0.tgz",
      "integrity": "sha512-LJvC6glbRT7YNEtkWv4H9HJV9aJXiuMOJXE1hInqrR8sAmnypZht0bgXZt4F6Nzt6JT51ecHXTKVHLfTgT37ZQ==",
      "license": "Apache-2.0"
    }
  }
}
