{
  "name": "ref-07i-vsc-over-carriages",
  "lockfileVersion": 3,
  "requires": true,
  "packages": {
    "": {
      "name": "ref-07i-vsc-over-carriages",
      "dependencies": {
        "@bifold/trust-tasks": "file:../../bifold/packages/trust-tasks",
        "@credo-ts/askar": "file:../../bifold/node_modules/@credo-ts/askar",
        "@credo-ts/core": "file:../../bifold/node_modules/@credo-ts/core",
        "@credo-ts/didcomm": "file:../../bifold/node_modules/@credo-ts/didcomm",
        "@credo-ts/node": "file:../../bifold/node_modules/@credo-ts/node",
        "@noble/curves": "^1.6.0",
        "@noble/hashes": "^1.5.0",
        "@openwallet-foundation/askar-nodejs": "file:../../bifold/node_modules/@openwallet-foundation/askar-nodejs",
        "canonicalize": "^2.0.0"
      },
      "engines": {
        "node": ">=20"
      }
    },
    "../../bifold/node_modules/@credo-ts/askar": {
      "version": "0.7.1-pr-2704-20260909134930",
      "license": "Apache-2.0",
      "dependencies": {
        "@credo-ts/core": "0.7.1-pr-2704-20260909134930",
        "class-transformer": "0.5.1",
        "class-validator": "^0.14.3",
        "rxjs": "^7.8.2",
        "tsyringe": "^4.10.0"
      },
      "devDependencies": {
        "@credo-ts/tenants": "0.7.1-pr-2704-20260909134930",
        "@openwallet-foundation/askar-nodejs": "0.6.0",
        "@openwallet-foundation/askar-shared": "0.6.0",
        "@types/ref-array-di": "^1.2.8",
        "@types/ref-struct-di": "^1.1.12",
        "reflect-metadata": "0.2.2",
        "typescript": "~5.9.3"
      },
      "peerDependencies": {
        "@openwallet-foundation/askar-shared": "^0.4.3 || ^0.5.0 || ^0.6.0"
      }
    },
    "../../bifold/node_modules/@credo-ts/core": {
      "version": "0.7.1-pr-2704-20260909134930",
      "license": "Apache-2.0",
      "dependencies": {
        "@animo-id/pex": "^6.1.1",
        "@astronautlabs/jsonpath": "^1.1.2",
        "@digitalcredentials/jsonld": "^9.0.0",
        "@digitalcredentials/jsonld-signatures": "^12.0.1",
        "@digitalcredentials/vc": "^10.0.2",
        "@multiformats/base-x": "^4.0.1",
        "@noble/curves": "^2.0.1",
        "@noble/hashes": "^2.0.1",
        "@owf/cose": "^0.3.1",
        "@owf/mdoc": "^0.7.0",
        "@owf/token-status-list": "^0.3.1",
        "@peculiar/asn1-ecc": "^2.6.0",
        "@peculiar/asn1-rsa": "^2.6.0",
        "@peculiar/asn1-schema": "^2.6.0",
        "@peculiar/asn1-x509": "^2.6.1",
        "@peculiar/x509": "^2.0.0",
        "@scure/base": "^2.0.0",
        "@sd-jwt/core": "^0.20.0",
        "@sd-jwt/sd-jwt-vc": "^0.20.0",
        "@sphereon/pex-models": "^2.3.2",
        "@sphereon/ssi-types": "0.33.0",
        "@stablelib/ed25519": "^2.0.2",
        "@types/ws": "^8.18.1",
        "@verifiables/request-converter": "^0.2.0",
        "class-transformer": "0.5.1",
        "class-validator": "^0.14.3",
        "dcql": "^3.0.0",
        "did-resolver": "^4.1.0",
        "ec-compression": "^2.0.0",
        "json-canonicalize": "^2.0.0",
        "lru_map": "^0.4.1",
        "make-error": "^1.3.6",
        "object-inspect": "^1.13.4",
        "reflect-metadata": "0.2.2",
        "rxjs": "^7.8.2",
        "tsyringe": "^4.10.0",
        "uuid": "^13.0.0",
        "varint": "^6.0.0",
        "web-did-resolver": "^2.0.32",
        "webcrypto-core": "^1.8.1",
        "zod": "^4.3.6"
      },
      "devDependencies": {
        "@types/events": "^3.0.3",
        "@types/object-inspect": "^1.13.0",
        "@types/varint": "^6.0.3",
        "nock": "^14.0.11",
        "tslog": "^4.10.2",
        "typescript": "~5.9.3"
      }
    },
    "../../bifold/node_modules/@credo-ts/didcomm": {
      "version": "0.7.1-pr-2704-20260909134930",
      "license": "Apache-2.0",
      "dependencies": {
        "@credo-ts/core": "0.7.1-pr-2704-20260909134930",
        "@stablelib/ed25519": "^2.0.2",
        "class-transformer": "0.5.1",
        "class-validator": "^0.14.3",
        "luxon": "^3.7.2",
        "query-string": "^9.3.1",
        "rxjs": "^7.8.2"
      },
      "devDependencies": {
        "@animo-id/pex": "^6.1.1",
        "@openwallet-foundation/askar-nodejs": "0.6.0",
        "@sphereon/pex-models": "^2.3.2",
        "@types/luxon": "^3.7.1",
        "reflect-metadata": "0.2.2",
        "typescript": "~5.9.3"
      }
    },
    "../../bifold/node_modules/@credo-ts/node": {
      "version": "0.7.1-pr-2704-20260909134930",
      "license": "Apache-2.0",
      "dependencies": {
        "@credo-ts/core": "0.7.1-pr-2704-20260909134930",
        "@credo-ts/didcomm": "0.7.1-pr-2704-20260909134930",
        "@types/express": "^5.0.6",
        "express": "^5.2.1",
        "rxjs": "^7.8.2",
        "ws": "^8.19.0"
      },
      "devDependencies": {
        "@types/node": "^20.19.31",
        "@types/ws": "^8.18.1",
        "nock": "^14.0.11",
        "typescript": "~5.9.3"
      },
      "engines": {
        "node": ">=20.19"
      }
    },
    "../../bifold/node_modules/@openwallet-foundation/askar-nodejs": {
      "version": "0.6.0",
      "hasInstallScript": true,
      "license": "Apache-2.0",
      "dependencies": {
        "@openwallet-foundation/askar-shared": "0.6.0",
        "koffi": "^2.15.1"
      },
      "devDependencies": {
        "@types/node": "^20.12.11",
        "typescript": "~5.4.5"
      },
      "engines": {
        "node": ">= 18"
      }
    },
    "../../bifold/packages/trust-tasks": {
      "name": "@bifold/trust-tasks",
      "version": "0.1.0-alpha.1",
      "license": "Apache-2.0",
      "dependencies": {
        "@credo-ts/core": "patch:@credo-ts/core@npm%3A0.7.1-pr-2704-20260909134930#~/.yarn/patches/@credo-ts-core-npm-0.7.1-pr-2704-20260909134930-b95d84ab27.patch",
        "@credo-ts/didcomm": "patch:@credo-ts/didcomm@npm%3A0.7.1-pr-2704-20260909134930#~/.yarn/patches/@credo-ts-didcomm-npm-0.7.1-pr-2704-20260909134930-b4e8afd4d1.patch",
        "@noble/ciphers": "^2.0.0",
        "@noble/curves": "^2.0.1",
        "@noble/hashes": "^2.0.1",
        "@openvtc/vti-tsp-js": "file:./vendor/openvtc-vti-tsp-js-0.3.0-bfdb0dc.tgz",
        "ajv": "^8.17.1",
        "canonicalize": "^1.0.8",
        "class-transformer": "0.5.1"
      },
      "devDependencies": {
        "rimraf": "~5.0.10",
        "typescript": "~5.5.4"
      }
    },
    "node_modules/@bifold/trust-tasks": {
      "resolved": "../../bifold/packages/trust-tasks",
      "link": true
    },
    "node_modules/@credo-ts/askar": {
      "resolved": "../../bifold/node_modules/@credo-ts/askar",
      "link": true
    },
    "node_modules/@credo-ts/core": {
      "resolved": "../../bifold/node_modules/@credo-ts/core",
      "link": true
    },
    "node_modules/@credo-ts/didcomm": {
      "resolved": "../../bifold/node_modules/@credo-ts/didcomm",
      "link": true
    },
    "node_modules/@credo-ts/node": {
      "resolved": "../../bifold/node_modules/@credo-ts/node",
      "link": true
    },
    "node_modules/@noble/curves": {
      "version": "1.9.7",
      "resolved": "https://registry.npmjs.org/@noble/curves/-/curves-1.9.7.tgz",
      "integrity": "sha512-gbKGcRUYIjA3/zCCNaWDciTMFI0dCkvou3TL8Zmy5Nc7sJ47a0jtOeZoTaMxkuqRo9cRhjOdZJXegxYE5FN/xw==",
      "license": "MIT",
      "dependencies": {
        "@noble/hashes": "1.8.0"
      },
      "engines": {
        "node": "^14.21.3 || >=16"
      },
      "funding": {
        "url": "https://paulmillr.com/funding/"
      }
    },
    "node_modules/@noble/hashes": {
      "version": "1.8.0",
      "resolved": "https://registry.npmjs.org/@noble/hashes/-/hashes-1.8.0.tgz",
      "integrity": "sha512-jCs9ldd7NwzpgXDIf6P3+NrHh9/sD6CQdxHyjQI+h/6rDNo88ypBxxz45UDuZHz9r3tNz7N/VInSVoVdtXEI4A==",
      "license": "MIT",
      "engines": {
        "node": "^14.21.3 || >=16"
      },
      "funding": {
        "url": "https://paulmillr.com/funding/"
      }
    },
    "node_modules/@openwallet-foundation/askar-nodejs": {
      "resolved": "../../bifold/node_modules/@openwallet-foundation/askar-nodejs",
      "link": true
    },
    "node_modules/canonicalize": {
      "version": "2.1.0",
      "resolved": "https://registry.npmjs.org/canonicalize/-/canonicalize-2.1.0.tgz",
      "integrity": "sha512-F705O3xrsUtgt98j7leetNhTWPe+5S72rlL5O4jA1pKqBVQ/dT1O1D6PFxmSXvc0SUOinWS57DKx0I3CHrXJHQ==",
      "license": "Apache-2.0",
      "bin": {
        "canonicalize": "bin/canonicalize.js"
      }
    }
  }
}
